{
  "nodes": {
    "cf-ddns": {
      "inputs": {
        "naersk": "naersk",
        "nixpkgs": [
          "nixpkgs"
        ],
        "utils": "utils"
      },
      "locked": {
        "lastModified": 1735513053,
        "narHash": "sha256-S7fJ1nBBp1tpVQqOTkfrqSf/1e/Goc/f9t76Nrc6DF4=",
        "owner": "Logik-Dev",
        "repo": "cf-ddns",
        "rev": "7d0c3c0193bc3365053a162e9f0430fcf274b74d",
        "type": "github"
      },
      "original": {
        "owner": "Logik-Dev",
        "repo": "cf-ddns",
        "type": "github"
      }
    },
    "disko": {
      "inputs": {
        "nixpkgs": [
          "nixpkgs"
        ]
      },
      "locked": {
        "lastModified": 1733168902,
        "narHash": "sha256-8dupm9GfK+BowGdQd7EHK5V61nneLfr9xR6sc5vtDi0=",
        "owner": "nix-community",
        "repo": "disko",
        "rev": "785c1e02c7e465375df971949b8dcbde9ec362e5",
        "type": "github"
      },
      "original": {
        "owner": "nix-community",
        "repo": "disko",
        "type": "github"
      }
    },
    "home-manager": {
      "inputs": {
        "nixpkgs": [
          "nixpkgs"
        ]
      },
      "locked": {
        "lastModified": 1732884235,
        "narHash": "sha256-r8j6R3nrvwbT1aUp4EPQ1KC7gm0pu9VcV1aNaB+XG6Q=",
        "owner": "nix-community",
        "repo": "home-manager",
        "rev": "819f682269f4e002884702b87e445c82840c68f2",
        "type": "github"
      },
      "original": {
        "owner": "nix-community",
        "repo": "home-manager",
        "type": "github"
      }
    },
    "naersk": {
      "inputs": {
        "nixpkgs": "nixpkgs"
      },
      "locked": {
        "lastModified": 1733346208,
        "narHash": "sha256-a4WZp1xQkrnA4BbnKrzJNr+dYoQr5Xneh2syJoddFyE=",
        "owner": "nix-community",
        "repo": "naersk",
        "rev": "378614f37a6bee5a3f2ef4f825a73d948d3ae921",
        "type": "github"
      },
      "original": {
        "owner": "nix-community",
        "ref": "master",
        "repo": "naersk",
        "type": "github"
      }
    },
    "naersk_2": {
      "inputs": {
        "nixpkgs": "nixpkgs_3"
      },
      "locked": {
        "lastModified": 1733346208,
        "narHash": "sha256-a4WZp1xQkrnA4BbnKrzJNr+dYoQr5Xneh2syJoddFyE=",
        "owner": "nix-community",
        "repo": "naersk",
        "rev": "378614f37a6bee5a3f2ef4f825a73d948d3ae921",
        "type": "github"
      },
      "original": {
        "owner": "nix-community",
        "ref": "master",
        "repo": "naersk",
        "type": "github"
      }
    },
    "nixos-facter-modules": {
      "locked": {
        "lastModified": 1732288619,
        "narHash": "sha256-zSQ2cR+NRJfHUVfkv+O6Wi53wXfzX8KHiO8fRfnvc0M=",
        "owner": "numtide",
        "repo": "nixos-facter-modules",
        "rev": "862648589993a96480c2255197a28feea712f68f",
        "type": "github"
      },
      "original": {
        "owner": "numtide",
        "repo": "nixos-facter-modules",
        "type": "github"
      }
    },
    "nixpkgs": {
      "locked": {
        "lastModified": 0,
        "narHash": "sha256-2ThgXBUXAE1oFsVATK1ZX9IjPcS4nKFOAjhPNKuiMn0=",
        "path": "/nix/store/frfyxcpzsdasdin76x83krbhpgkis8b0-source",
        "type": "path"
      },
      "original": {
        "id": "nixpkgs",
        "type": "indirect"
      }
    },
    "nixpkgs-master": {
      "locked": {
        "lastModified": 1732950329,
        "narHash": "sha256-sL3J+l3gBHQxYgWb6HgIsHCueBRtX35NSnsYMfzJp/g=",
        "owner": "nixos",
        "repo": "nixpkgs",
        "rev": "2885c268281edd71005fbf67db3291d82e438069",
        "type": "github"
      },
      "original": {
        "owner": "nixos",
        "repo": "nixpkgs",
        "type": "github"
      }
    },
    "nixpkgs_2": {
      "locked": {
        "lastModified": 1732521221,
        "narHash": "sha256-2ThgXBUXAE1oFsVATK1ZX9IjPcS4nKFOAjhPNKuiMn0=",
        "owner": "NixOS",
        "repo": "nixpkgs",
        "rev": "4633a7c72337ea8fd23a4f2ba3972865e3ec685d",
        "type": "github"
      },
      "original": {
        "owner": "NixOS",
        "ref": "nixos-unstable",
        "repo": "nixpkgs",
        "type": "github"
      }
    },
    "nixpkgs_3": {
      "locked": {
        "lastModified": 0,
        "narHash": "sha256-2ThgXBUXAE1oFsVATK1ZX9IjPcS4nKFOAjhPNKuiMn0=",
        "path": "/nix/store/frfyxcpzsdasdin76x83krbhpgkis8b0-source",
        "type": "path"
      },
      "original": {
        "id": "nixpkgs",
        "type": "indirect"
      }
    },
    "pushr": {
      "inputs": {
        "naersk": "naersk_2",
        "nixpkgs": [
          "nixpkgs"
        ],
        "utils": "utils_2"
      },
      "locked": {
        "lastModified": 1735850577,
        "narHash": "sha256-jIU0xg0p4oN54NFnVhQh7/PH3ZERtwwJSo261LowoEk=",
        "owner": "Logik-Dev",
        "repo": "pushr",
        "rev": "99ae102b2d15cf9efbb0d2ae1eb25c1a7f8ef065",
        "type": "github"
      },
      "original": {
        "owner": "Logik-Dev",
        "repo": "pushr",
        "type": "github"
      }
    },
    "root": {
      "inputs": {
        "cf-ddns": "cf-ddns",
        "disko": "disko",
        "home-manager": "home-manager",
        "nixos-facter-modules": "nixos-facter-modules",
        "nixpkgs": "nixpkgs_2",
        "nixpkgs-master": "nixpkgs-master",
        "pushr": "pushr",
        "sops-nix": "sops-nix"
      }
    },
    "sops-nix": {
      "inputs": {
        "nixpkgs": [
          "nixpkgs"
        ]
      },
      "locked": {
        "lastModified": 1732575825,
        "narHash": "sha256-xtt95+c7OUMoqZf4OvA/7AemiH3aVuWHQbErYQoPwFk=",
        "owner": "Mic92",
        "repo": "sops-nix",
        "rev": "3433ea14fbd9e6671d0ff0dd45ed15ee4c156ffa",
        "type": "github"
      },
      "original": {
        "owner": "Mic92",
        "repo": "sops-nix",
        "type": "github"
      }
    },
    "systems": {
      "locked": {
        "lastModified": 1681028828,
        "narHash": "sha256-Vy1rq5AaRuLzOxct8nz4T6wlgyUR7zLU309k9mBC768=",
        "owner": "nix-systems",
        "repo": "default",
        "rev": "da67096a3b9bf56a91d16901293e51ba5b49a27e",
        "type": "github"
      },
      "original": {
        "owner": "nix-systems",
        "repo": "default",
        "type": "github"
      }
    },
    "systems_2": {
      "locked": {
        "lastModified": 1681028828,
        "narHash": "sha256-Vy1rq5AaRuLzOxct8nz4T6wlgyUR7zLU309k9mBC768=",
        "owner": "nix-systems",
        "repo": "default",
        "rev": "da67096a3b9bf56a91d16901293e51ba5b49a27e",
        "type": "github"
      },
      "original": {
        "owner": "nix-systems",
        "repo": "default",
        "type": "github"
      }
    },
    "utils": {
      "inputs": {
        "systems": "systems"
      },
      "locked": {
        "lastModified": 1731533236,
        "narHash": "sha256-l0KFg5HjrsfsO/JpG+r7fRrqm12kzFHyUHqHCVpMMbI=",
        "owner": "numtide",
        "repo": "flake-utils",
        "rev": "11707dc2f618dd54ca8739b309ec4fc024de578b",
        "type": "github"
      },
      "original": {
        "owner": "numtide",
        "repo": "flake-utils",
        "type": "github"
      }
    },
    "utils_2": {
      "inputs": {
        "systems": "systems_2"
      },
      "locked": {
        "lastModified": 1731533236,
        "narHash": "sha256-l0KFg5HjrsfsO/JpG+r7fRrqm12kzFHyUHqHCVpMMbI=",
        "owner": "numtide",
        "repo": "flake-utils",
        "rev": "11707dc2f618dd54ca8739b309ec4fc024de578b",
        "type": "github"
      },
      "original": {
        "owner": "numtide",
        "repo": "flake-utils",
        "type": "github"
      }
    }
  },
  "root": "root",
  "version": 7
}
